
Microsoft Visual Studio Solution File, Format Version 12.00
# Visual Studio 15
VisualStudioVersion = 15.0.26228.4
MinimumVisualStudioVersion = 10.0.40219.1
Project("{FAE04EC0-301F-11D3-BF4B-00C04F79EFBC}") = "ControllWork", "ControllWork\ControllWork.csproj", "{950FA823-66A3-44CC-8589-64976D023B68}"
EndProject
Project("{FAE04EC0-301F-11D3-BF4B-00C04F79EFBC}") = "Model", "Model\Model.csproj", "{DA2469BF-41C3-4E11-BA82-AF102B72819C}"
EndProject
Project("{FAE04EC0-301F-11D3-BF4B-00C04F79EFBC}") = "Services", "Services\Services.csproj", "{D0C502F2-708B-453E-82D6-E59196D40C77}"
EndProject
Project("{FAE04EC0-301F-11D3-BF4B-00C04F79EFBC}") = "DataBase", "DataBase\DataBase.csproj", "{34B529A9-18B3-4487-877E-C6AD50DA0429}"
EndProject
Global
	GlobalSection(SolutionConfigurationPlatforms) = preSolution
		Debug|Any CPU = Debug|Any CPU
		Release|Any CPU = Release|Any CPU
	EndGlobalSection
	GlobalSection(ProjectConfigurationPlatforms) = postSolution
		{950FA823-66A3-44CC-8589-64976D023B68}.Debug|Any CPU.ActiveCfg = Debug|Any CPU
		{950FA823-66A3-44CC-8589-64976D023B68}.Debug|Any CPU.Build.0 = Debug|Any CPU
		{950FA823-66A3-44CC-8589-64976D023B68}.Release|Any CPU.ActiveCfg = Release|Any CPU
		{950FA823-66A3-44CC-8589-64976D023B68}.Release|Any CPU.Build.0 = Release|Any CPU
		{DA2469BF-41C3-4E11-BA82-AF102B72819C}.Debug|Any CPU.ActiveCfg = Debug|Any CPU
		{DA2469BF-41C3-4E11-BA82-AF102B72819C}.Debug|Any CPU.Build.0 = Debug|Any CPU
		{DA2469BF-41C3-4E11-BA82-AF102B72819C}.Release|Any CPU.ActiveCfg = Release|Any CPU
		{DA2469BF-41C3-4E11-BA82-AF102B72819C}.Release|Any CPU.Build.0 = Release|Any CPU
		{D0C502F2-708B-453E-82D6-E59196D40C77}.Debug|Any CPU.ActiveCfg = Debug|Any CPU
		{D0C502F2-708B-453E-82D6-E59196D40C77}.Debug|Any CPU.Build.0 = Debug|Any CPU
		{D0C502F2-708B-453E-82D6-E59196D40C77}.Release|Any CPU.ActiveCfg = Release|Any CPU
		{D0C502F2-708B-453E-82D6-E59196D40C77}.Release|Any CPU.Build.0 = Release|Any CPU
		{34B529A9-18B3-4487-877E-C6AD50DA0429}.Debug|Any CPU.ActiveCfg = Debug|Any CPU
		{34B529A9-18B3-4487-877E-C6AD50DA0429}.Debug|Any CPU.Build.0 = Debug|Any CPU
		{34B529A9-18B3-4487-877E-C6AD50DA0429}.Release|Any CPU.ActiveCfg = Release|Any CPU
		{34B529A9-18B3-4487-877E-C6AD50DA0429}.Release|Any CPU.Build.0 = Release|Any CPU
	EndGlobalSection
	GlobalSection(SolutionProperties) = preSolution
		HideSolutionNode = FALSE
	EndGlobalSection
EndGlobal
